// !$*UTF8*$!
{
	archiveVersion = 1;
	classes = {
	};
	objectVersion = 55;
	objects = {

/* Begin PBXBuildFile section */
		45D685A6272FBAA300E08B86 /* AppDelegate.swift in Sources */ = {isa = PBXBuildFile; fileRef = 45D685A5272FBAA300E08B86 /* AppDelegate.swift */; };
		45D685A8272FBAA300E08B86 /* SceneDelegate.swift in Sources */ = {isa = PBXBuildFile; fileRef = 45D685A7272FBAA300E08B86 /* SceneDelegate.swift */; };
		45D685AA272FBAA300E08B86 /* ViewController.swift in Sources */ = {isa = PBXBuildFile; fileRef = 45D685A9272FBAA300E08B86 /* ViewController.swift */; };
		45D685AD272FBAA300E08B86 /* Main.storyboard in Resources */ = {isa = PBXBuildFile; fileRef = 45D685AB272FBAA300E08B86 /* Main.storyboard */; };
		45D685B0272FBAA300E08B86 /* Sports.xcdatamodeld in Sources */ = {isa = PBXBuildFile; fileRef = 45D685AE272FBAA300E08B86 /* Sports.xcdatamodeld */; };
		45D685B2272FBAA700E08B86 /* Assets.xcassets in Resources */ = {isa = PBXBuildFile; fileRef = 45D685B1272FBAA700E08B86 /* Assets.xcassets */; };
		45D685B5272FBAA700E08B86 /* LaunchScreen.storyboard in Resources */ = {isa = PBXBuildFile; fileRef = 45D685B3272FBAA700E08B86 /* LaunchScreen.storyboard */; };
/* End PBXBuildFile section */

/* Begin PBXFileReference section */
		45D685A2272FBAA300E08B86 /* Sports.app */ = {isa = PBXFileReference; explicitFileType = wrapper.application; includeInIndex = 0; path = Sports.app; sourceTree = BUILT_PRODUCTS_DIR; };
		45D685A5272FBAA300E08B86 /* AppDelegate.swift */ = {isa = PBXFileReference; lastKnownFileType = sourcecode.swift; path = AppDelegate.swift; sourceTree = "<group>"; };
		45D685A7272FBAA300E08B86 /* SceneDelegate.swift */ = {isa = PBXFileReference; lastKnownFileType = sourcecode.swift; path = SceneDelegate.swift; sourceTree = "<group>"; };
		45D685A9272FBAA300E08B86 /* ViewController.swift */ = {isa = PBXFileReference; lastKnownFileType = sourcecode.swift; path = ViewController.swift; sourceTree = "<group>"; };
		45D685AC272FBAA300E08B86 /* Base */ = {isa = PBXFileReference; lastKnownFileType = file.storyboard; name = Base; path = Base.lproj/Main.storyboard; sourceTree = "<group>"; };
		45D685AF272FBAA300E08B86 /* Sports.xcdatamodel */ = {isa = PBXFileReference; lastKnownFileType = wrapper.xcdatamodel; path = Sports.xcdatamodel; sourceTree = "<group>"; };
		45D685B1272FBAA700E08B86 /* Assets.xcassets */ = {isa = PBXFileReference; lastKnownFileType = folder.assetcatalog; path = Assets.xcassets; sourceTree = "<group>"; };
		45D685B4272FBAA700E08B86 /* Base */ = {isa = PBXFileReference; lastKnownFileType = file.storyboard; name = Base; path = Base.lproj/LaunchScreen.storyboard; sourceTree = "<group>"; };
		45D685B6272FBAA700E08B86 /* Info.plist */ = {isa = PBXFileReference; lastKnownFileType = text.plist.xml; path = Info.plist; sourceTree = "<group>"; };
/* End PBXFileReference section */

/* Begin PBXFrameworksBuildPhase section */
		45D6859F272FBAA300E08B86 /* Frameworks */ = {
			isa = PBXFrameworksBuildPhase;
			buildActionMask = 2147483647;
			files = (
			);
			runOnlyForDeploymentPostprocessing = 0;
		};
/* End PBXFrameworksBuildPhase section */

/* Begin PBXGroup section */
		45D68599272FBAA300E08B86 = {
			isa = PBXGroup;
			children = (
				45D685A4272FBAA300E08B86 /* Sports */,
				45D685A3272FBAA300E08B86 /* Products */,
			);
			sourceTree = "<group>";
		};
		45D685A3272FBAA300E08B86 /* Products */ = {
			isa = PBXGroup;
			children = (
				45D685A2272FBAA300E08B86 /* Sports.app */,
			);
			name = Products;
			sourceTree = "<group>";
		};
		45D685A4272FBAA300E08B86 /* Sports */ = {
			isa = PBXGroup;
			children = (
				45D685A5272FBAA300E08B86 /* AppDelegate.swift */,
				45D685A7272FBAA300E08B86 /* SceneDelegate.swift */,
				45D685BE2730846100E08B86 /* Models */,
				45D685BD2730844200E08B86 /* Views */,
				45D685BC2730841000E08B86 /* Controllers */,
				45D685B1272FBAA700E08B86 /* Assets.xcassets */,
				45D685B6272FBAA700E08B86 /* Info.plist */,
				45D685AE272FBAA300E08B86 /* Sports.xcdatamodeld */,
			);
			path = Sports;
			sourceTree = "<group>";
		};
		45D685BC2730841000E08B86 /* Controllers */ = {
			isa = PBXGroup;
			children = (
				45D685A9272FBAA300E08B86 /* ViewController.swift */,
			);
			path = Controllers;
			sourceTree = "<group>";
		};
		45D685BD2730844200E08B86 /* Views */ = {
			isa = PBXGroup;
			children = (
				45D685AB272FBAA300E08B86 /* Main.storyboard */,
				45D685B3272FBAA700E08B86 /* LaunchScreen.storyboard */,
			);
			path = Views;
			sourceTree = "<group>";
		};
		45D685BE2730846100E08B86 /* Models */ = {
			isa = PBXGroup;
			children = (
			);
			path = Models;
			sourceTree = "<group>";
		};
/* End PBXGroup section */

/* Begin PBXNativeTarget section */
		45D685A1272FBAA300E08B86 /* Sports */ = {
			isa = PBXNativeTarget;
			buildConfigurationList = 45D685B9272FBAA700E08B86 /* Build configuration list for PBXNativeTarget "Sports" */;
			buildPhases = (
				45D6859E272FBAA300E08B86 /* Sources */,
				45D6859F272FBAA300E08B86 /* Frameworks */,
				45D685A0272FBAA300E08B86 /* Resources */,
			);
			buildRules = (
			);
			dependencies = (
			);
			name = Sports;
			productName = Sports;
			productReference = 45D685A2272FBAA300E08B86 /* Sports.app */;
			productType = "com.apple.product-type.application";
		};
/* End PBXNativeTarget section */

/* Begin PBXProject section */
		45D6859A272FBAA300E08B86 /* Project object */ = {
			isa = PBXProject;
			attributes = {
				BuildIndependentTargetsInParallel = 1;
				LastSwiftUpdateCheck = 1310;
				LastUpgradeCheck = 1310;
				TargetAttributes = {
					45D685A1272FBAA300E08B86 = {
						CreatedOnToolsVersion = 13.1;
					};
				};
			};
			buildConfigurationList = 45D6859D272FBAA300E08B86 /* Build configuration list for PBXProject "Sports" */;
			compatibilityVersion = "Xcode 13.0";
			developmentRegion = en;
			hasScannedForEncodings = 0;
			knownRegions = (
				en,
				Base,
			);
			mainGroup = 45D68599272FBAA300E08B86;
			productRefGroup = 45D685A3272FBAA300E08B86 /* Products */;
			projectDirPath = "";
			projectRoot = "";
			targets = (
				45D685A1272FBAA300E08B86 /* Sports */,
			);
		};
/* End PBXProject section */

/* Begin PBXResourcesBuildPhase section */
		45D685A0272FBAA300E08B86 /* Resources */ = {
			isa = PBXResourcesBuildPhase;
			buildActionMask = 2147483647;
			files = (
				45D685B5272FBAA700E08B86 /* LaunchScreen.storyboard in Resources */,
				45D685B2272FBAA700E08B86 /* Assets.xcassets in Resources */,
				45D685AD272FBAA300E08B86 /* Main.storyboard in Resources */,
			);
			runOnlyForDeploymentPostprocessing = 0;
		};
/* End PBXResourcesBuildPhase section */

/* Begin PBXSourcesBuildPhase section */
		45D6859E272FBAA300E08B86 /* Sources */ = {
			isa = PBXSourcesBuildPhase;
			buildActionMask = 2147483647;
			files = (
				45D685AA272FBAA300E08B86 /* ViewController.swift in Sources */,
				45D685A6272FBAA300E08B86 /* AppDelegate.swift in Sources */,
				45D685B0272FBAA300E08B86 /* Sports.xcdatamodeld in Sources */,
				45D685A8272FBAA300E08B86 /* SceneDelegate.swift in Sources */,
			);
			runOnlyForDeploymentPostprocessing = 0;
		};
/* End PBXSourcesBuildPhase section */

/* Begin PBXVariantGroup section */
		45D685AB272FBAA300E08B86 /* Main.storyboard */ = {
			isa = PBXVariantGroup;
			children = (
				45D685AC272FBAA300E08B86 /* Base */,
			);
			name = Main.storyboard;
			sourceTree = "<group>";
		};
		45D685B3272FBAA700E08B86 /* LaunchScreen.storyboard */ = {
			isa = PBXVariantGroup;
			children = (
				45D685B4272FBAA700E08B86 /* Base */,
			);
			name = LaunchScreen.storyboard;
			sourceTree = "<group>";
		};
/* End PBXVariantGroup section */

/* Begin XCBuildConfiguration section */
		45D685B7272FBAA700E08B86 /* Debug */ = {
			isa = XCBuildConfiguration;
			buildSettings = {
				ALWAYS_SEARCH_USER_PATHS = NO;
				CLANG_ANALYZER_NONNULL = YES;
				CLANG_ANALYZER_NUMBER_OBJECT_CONVERSION = YES_AGGRESSIVE;
				CLANG_CXX_LANGUAGE_STANDARD = "gnu++17";
				CLANG_CXX_LIBRARY = "libc++";
				CLANG_ENABLE_MODULES = YES;
				CLANG_ENABLE_OBJC_ARC = YES;
				CLANG_ENABLE_OBJC_WEAK = YES;
				CLANG_WARN_BLOCK_CAPTURE_AUTORELEASING = YES;
				CLANG_WARN_BOOL_CONVERSION = YES;
				CLANG_WARN_COMMA = YES;
				CLANG_WARN_CONSTANT_CONVERSION = YES;
				CLANG_WARN_DEPRECATED_OBJC_IMPLEMENTATIONS = YES;
				CLANG_WARN_DIRECT_OBJC_ISA_USAGE = YES_ERROR;
				CLANG_WARN_DOCUMENTATION_COMMENTS = YES;
				CLANG_WARN_EMPTY_BODY = YES;
				CLANG_WARN_ENUM_CONVERSION = YES;
				CLANG_WARN_INFINITE_RECURSION = YES;
				CLANG_WARN_INT_CONVERSION = YES;
				CLANG_WARN_NON_LITERAL_NULL_CONVERSION = YES;
				CLANG_WARN_OBJC_IMPLICIT_RETAIN_SELF = YES;
				CLANG_WARN_OBJC_LITERAL_CONVERSION = YES;
				CLANG_WARN_OBJC_ROOT_CLASS = YES_ERROR;
				CLANG_WARN_QUOTED_INCLUDE_IN_FRAMEWORK_HEADER = YES;
				CLANG_WARN_RANGE_LOOP_ANALYSIS = YES;
				CLANG_WARN_STRICT_PROTOTYPES = YES;
				CLANG_WARN_SUSPICIOUS_MOVE = YES;
				CLANG_WARN_UNGUARDED_AVAILABILITY = YES_AGGRESSIVE;
				CLANG_WARN_UNREACHABLE_CODE = YES;
				CLANG_WARN__DUPLICATE_METHOD_MATCH = YES;
				COPY_PHASE_STRIP = NO;
				DEBUG_INFORMATION_FORMAT = dwarf;
				ENABLE_STRICT_OBJC_MSGSEND = YES;
				ENABLE_TESTABILITY = YES;
				GCC_C_LANGUAGE_STANDARD = gnu11;
				GCC_DYNAMIC_NO_PIC = NO;
				GCC_NO_COMMON_BLOCKS = YES;
				GCC_OPTIMIZATION_LEVEL = 0;
				GCC_PREPROCESSOR_DEFINITIONS = (
					"DEBUG=1",
					"$(inherited)",
				);
				GCC_WARN_64_TO_32_BIT_CONVERSION = YES;
				GCC_WARN_ABOUT_RETURN_TYPE = YES_ERROR;
				GCC_WARN_UNDECLARED_SELECTOR = YES;
				GCC_WARN_UNINITIALIZED_AUTOS = YES_AGGRESSIVE;
				GCC_WARN_UNUSED_FUNCTION = YES;
				GCC_WARN_UNUSED_VARIABLE = YES;
				IPHONEOS_DEPLOYMENT_TARGET = 15.0;
				MTL_ENABLE_DEBUG_INFO = INCLUDE_SOURCE;
				MTL_FAST_MATH = YES;
				ONLY_ACTIVE_ARCH = YES;
				SDKROOT = iphoneos;
				SWIFT_ACTIVE_COMPILATION_CONDITIONS = DEBUG;
				SWIFT_OPTIMIZATION_LEVEL = "-Onone";
			};
			name = Debug;
		};
		45D685B8272FBAA700E08B86 /* Release */ = {
			isa = XCBuildConfiguration;
			buildSettings = {
				ALWAYS_SEARCH_USER_PATHS = NO;
				CLANG_ANALYZER_NONNULL = YES;
				CLANG_ANALYZER_NUMBER_OBJECT_CONVERSION = YES_AGGRESSIVE;
				CLANG_CXX_LANGUAGE_STANDARD = "gnu++17";
				CLANG_CXX_LIBRARY = "libc++";
				CLANG_ENABLE_MODULES = YES;
				CLANG_ENABLE_OBJC_ARC = YES;
				CLANG_ENABLE_OBJC_WEAK = YES;
				CLANG_WARN_BLOCK_CAPTURE_AUTORELEASING = YES;
				CLANG_WARN_BOOL_CONVERSION = YES;
				CLANG_WARN_COMMA = YES;
				CLANG_WARN_CONSTANT_CONVERSION = YES;
				CLANG_WARN_DEPRECATED_OBJC_IMPLEMENTATIONS = YES;
				CLANG_WARN_DIRECT_OBJC_ISA_USAGE = YES_ERROR;
				CLANG_WARN_DOCUMENTATION_COMMENTS = YES;
				CLANG_WARN_EMPTY_BODY = YES;
				CLANG_WARN_ENUM_CONVERSION = YES;
				CLANG_WARN_INFINITE_RECURSION = YES;
				CLANG_WARN_INT_CONVERSION = YES;
				CLANG_WARN_NON_LITERAL_NULL_CONVERSION = YES;
				CLANG_WARN_OBJC_IMPLICIT_RETAIN_SELF = YES;
				CLANG_WARN_OBJC_LITERAL_CONVERSION = YES;
				CLANG_WARN_OBJC_ROOT_CLASS = YES_ERROR;
				CLANG_WARN_QUOTED_INCLUDE_IN_FRAMEWORK_HEADER = YES;
				CLANG_WARN_RANGE_LOOP_ANALYSIS = YES;
				CLANG_WARN_STRICT_PROTOTYPES = YES;
				CLANG_WARN_SUSPICIOUS_MOVE = YES;
				CLANG_WARN_UNGUARDED_AVAILABILITY = YES_AGGRESSIVE;
				CLANG_WARN_UNREACHABLE_CODE = YES;
				CLANG_WARN__DUPLICATE_METHOD_MATCH = YES;
				COPY_PHASE_STRIP = NO;
				DEBUG_INFORMATION_FORMAT = "dwarf-with-dsym";
				ENABLE_NS_ASSERTIONS = NO;
				ENABLE_STRICT_OBJC_MSGSEND = YES;
				GCC_C_LANGUAGE_STANDARD = gnu11;
				GCC_NO_COMMON_BLOCKS = YES;
				GCC_WARN_64_TO_32_BIT_CONVERSION = YES;
				GCC_WARN_ABOUT_RETURN_TYPE = YES_ERROR;
				GCC_WARN_UNDECLARED_SELECTOR = YES;
				GCC_WARN_UNINITIALIZED_AUTOS = YES_AGGRESSIVE;
				GCC_WARN_UNUSED_FUNCTION = YES;
				GCC_WARN_UNUSED_VARIABLE = YES;
				IPHONEOS_DEPLOYMENT_TARGET = 15.0;
				MTL_ENABLE_DEBUG_INFO = NO;
				MTL_FAST_MATH = YES;
				SDKROOT = iphoneos;
				SWIFT_COMPILATION_MODE = wholemodule;
				SWIFT_OPTIMIZATION_LEVEL = "-O";
				VALIDATE_PRODUCT = YES;
			};
			name = Release;
		};
		45D685BA272FBAA700E08B86 /* Debug */ = {
			isa = XCBuildConfiguration;
			buildSettings = {
				ASSETCATALOG_COMPILER_APPICON_NAME = AppIcon;
				ASSETCATALOG_COMPILER_GLOBAL_ACCENT_COLOR_NAME = AccentColor;
				CODE_SIGN_STYLE = Automatic;
				CURRENT_PROJECT_VERSION = 1;
				DEVELOPMENT_TEAM = AXBRK75K78;
				GENERATE_INFOPLIST_FILE = YES;
				INFOPLIST_FILE = Sports/Info.plist;
				INFOPLIST_KEY_UIApplicationSupportsIndirectInputEvents = YES;
				INFOPLIST_KEY_UILaunchStoryboardName = LaunchScreen;
				INFOPLIST_KEY_UIMainStoryboardFile = Main;
				INFOPLIST_KEY_UISupportedInterfaceOrientations_iPad = "UIInterfaceOrientationPortrait UIInterfaceOrientationPortraitUpsideDown UIInterfaceOrientationLandscapeLeft UIInterfaceOrientationLandscapeRight";
				INFOPLIST_KEY_UISupportedInterfaceOrientations_iPhone = "UIInterfaceOrientationPortrait UIInterfaceOrientationLandscapeLeft UIInterfaceOrientationLandscapeRight";
				LD_RUNPATH_SEARCH_PATHS = (
					"$(inherited)",
					"@executable_path/Frameworks",
				);
				MARKETING_VERSION = 1.0;
				PRODUCT_BUNDLE_IDENTIFIER = com.Robusta.Sports;
				PRODUCT_NAME = "$(TARGET_NAME)";
				SWIFT_EMIT_LOC_STRINGS = YES;
				SWIFT_VERSION = 5.0;
				TARGETED_DEVICE_FAMILY = "1,2";
			};
			name = Debug;
		};
		45D685BB272FBAA700E08B86 /* Release */ = {
			isa = XCBuildConfiguration;
			buildSettings = {
				ASSETCATALOG_COMPILER_APPICON_NAME = AppIcon;
				ASSETCATALOG_COMPILER_GLOBAL_ACCENT_COLOR_NAME = AccentColor;
				CODE_SIGN_STYLE = Automatic;
				CURRENT_PROJECT_VERSION = 1;
				DEVELOPMENT_TEAM = AXBRK75K78;
				GENERATE_INFOPLIST_FILE = YES;
				INFOPLIST_FILE = Sports/Info.plist;
				INFOPLIST_KEY_UIApplicationSupportsIndirectInputEvents = YES;
				INFOPLIST_KEY_UILaunchStoryboardName = LaunchScreen;
				INFOPLIST_KEY_UIMainStoryboardFile = Main;
				INFOPLIST_KEY_UISupportedInterfaceOrientations_iPad = "UIInterfaceOrientationPortrait UIInterfaceOrientationPortraitUpsideDown UIInterfaceOrientationLandscapeLeft UIInterfaceOrientationLandscapeRight";
				INFOPLIST_KEY_UISupportedInterfaceOrientations_iPhone = "UIInterfaceOrientationPortrait UIInterfaceOrientationLandscapeLeft UIInterfaceOrientationLandscapeRight";
				LD_RUNPATH_SEARCH_PATHS = (
					"$(inherited)",
					"@executable_path/Frameworks",
				);
				MARKETING_VERSION = 1.0;
				PRODUCT_BUNDLE_IDENTIFIER = com.Robusta.Sports;
				PRODUCT_NAME = "$(TARGET_NAME)";
				SWIFT_EMIT_LOC_STRINGS = YES;
				SWIFT_VERSION = 5.0;
				TARGETED_DEVICE_FAMILY = "1,2";
			};
			name = Release;
		};
/* End XCBuildConfiguration section */

/* Begin XCConfigurationList section */
		45D6859D272FBAA300E08B86 /* Build configuration list for PBXProject "Sports" */ = {
			isa = XCConfigurationList;
			buildConfigurations = (
				45D685B7272FBAA700E08B86 /* Debug */,
				45D685B8272FBAA700E08B86 /* Release */,
			);
			defaultConfigurationIsVisible = 0;
			defaultConfigurationName = Release;
		};
		45D685B9272FBAA700E08B86 /* Build configuration list for PBXNativeTarget "Sports" */ = {
			isa = XCConfigurationList;
			buildConfigurations = (
				45D685BA272FBAA700E08B86 /* Debug */,
				45D685BB272FBAA700E08B86 /* Release */,
			);
			defaultConfigurationIsVisible = 0;
			defaultConfigurationName = Release;
		};
/* End XCConfigurationList section */

/* Begin XCVersionGroup section */
		45D685AE272FBAA300E08B86 /* Sports.xcdatamodeld */ = {
			isa = XCVersionGroup;
			children = (
				45D685AF272FBAA300E08B86 /* Sports.xcdatamodel */,
			);
			currentVersion = 45D685AF272FBAA300E08B86 /* Sports.xcdatamodel */;
			path = Sports.xcdatamodeld;
			sourceTree = "<group>";
			versionGroupType = wrapper.xcdatamodel;
		};
/* End XCVersionGroup section */
	};
	rootObject = 45D6859A272FBAA300E08B86 /* Project object */;
}
